
Microsoft Visual Studio Solution File, Format Version 12.00
# Visual Studio 15
VisualStudioVersion = 15.0.28010.0
MinimumVisualStudioVersion = 10.0.40219.1
Project("{FAE04EC0-301F-11D3-BF4B-00C04F79EFBC}") = "MovieStore.Web", "MovieStore.Web\MovieStore.Web.csproj", "{B7530A9D-78B8-45C1-9C98-140EB0E8C69C}"
EndProject
Project("{FAE04EC0-301F-11D3-BF4B-00C04F79EFBC}") = "MovieStore.DB", "MovieStore.DB\MovieStore.DB.csproj", "{D89B8C21-5EB3-4E7E-9A98-726511E6A403}"
EndProject
Project("{FAE04EC0-301F-11D3-BF4B-00C04F79EFBC}") = "MovieStore.Business", "MovieStore.Business\MovieStore.Business.csproj", "{B133EC2B-4CB8-48BC-A1F8-872B5AF38230}"
EndProject
Project("{FAE04EC0-301F-11D3-BF4B-00C04F79EFBC}") = "MovieStore.Tests", "MovieStore.Tests\MovieStore.Tests.csproj", "{E61F22D9-C8BC-4BA6-823A-7BCC8CBA3E9D}"
EndProject
Global
	GlobalSection(SolutionConfigurationPlatforms) = preSolution
		Debug|Any CPU = Debug|Any CPU
		Release|Any CPU = Release|Any CPU
	EndGlobalSection
	GlobalSection(ProjectConfigurationPlatforms) = postSolution
		{B7530A9D-78B8-45C1-9C98-140EB0E8C69C}.Debug|Any CPU.ActiveCfg = Debug|Any CPU
		{B7530A9D-78B8-45C1-9C98-140EB0E8C69C}.Debug|Any CPU.Build.0 = Debug|Any CPU
		{B7530A9D-78B8-45C1-9C98-140EB0E8C69C}.Release|Any CPU.ActiveCfg = Release|Any CPU
		{B7530A9D-78B8-45C1-9C98-140EB0E8C69C}.Release|Any CPU.Build.0 = Release|Any CPU
		{D89B8C21-5EB3-4E7E-9A98-726511E6A403}.Debug|Any CPU.ActiveCfg = Debug|Any CPU
		{D89B8C21-5EB3-4E7E-9A98-726511E6A403}.Debug|Any CPU.Build.0 = Debug|Any CPU
		{D89B8C21-5EB3-4E7E-9A98-726511E6A403}.Release|Any CPU.ActiveCfg = Release|Any CPU
		{D89B8C21-5EB3-4E7E-9A98-726511E6A403}.Release|Any CPU.Build.0 = Release|Any CPU
		{B133EC2B-4CB8-48BC-A1F8-872B5AF38230}.Debug|Any CPU.ActiveCfg = Debug|Any CPU
		{B133EC2B-4CB8-48BC-A1F8-872B5AF38230}.Debug|Any CPU.Build.0 = Debug|Any CPU
		{B133EC2B-4CB8-48BC-A1F8-872B5AF38230}.Release|Any CPU.ActiveCfg = Release|Any CPU
		{B133EC2B-4CB8-48BC-A1F8-872B5AF38230}.Release|Any CPU.Build.0 = Release|Any CPU
		{E61F22D9-C8BC-4BA6-823A-7BCC8CBA3E9D}.Debug|Any CPU.ActiveCfg = Debug|Any CPU
		{E61F22D9-C8BC-4BA6-823A-7BCC8CBA3E9D}.Debug|Any CPU.Build.0 = Debug|Any CPU
		{E61F22D9-C8BC-4BA6-823A-7BCC8CBA3E9D}.Release|Any CPU.ActiveCfg = Release|Any CPU
		{E61F22D9-C8BC-4BA6-823A-7BCC8CBA3E9D}.Release|Any CPU.Build.0 = Release|Any CPU
	EndGlobalSection
	GlobalSection(SolutionProperties) = preSolution
		HideSolutionNode = FALSE
	EndGlobalSection
	GlobalSection(ExtensibilityGlobals) = postSolution
		SolutionGuid = {996EDEDA-5E09-4A28-AA27-EEB996866433}
	EndGlobalSection
EndGlobal
